
Microsoft Visual Studio Solution File, Format Version 12.00
# Visual Studio 14
VisualStudioVersion = 14.0.23107.0
MinimumVisualStudioVersion = 10.0.40219.1
Project("{FAE04EC0-301F-11D3-BF4B-00C04F79EFBC}") = "BinaryTree", "BinaryTree\BinaryTree.csproj", "{55215D85-38A6-4DC8-9B46-DE20E70AB815}"
EndProject
Project("{FAE04EC0-301F-11D3-BF4B-00C04F79EFBC}") = "BinaryTreeTest", "BinaryTreeTest\BinaryTreeTest.csproj", "{C6465AE2-5755-4CF6-BDB4-0E20500D45FD}"
EndProject
Global
	GlobalSection(SolutionConfigurationPlatforms) = preSolution
		Debug|Any CPU = Debug|Any CPU
		Release|Any CPU = Release|Any CPU
	EndGlobalSection
	GlobalSection(ProjectConfigurationPlatforms) = postSolution
		{55215D85-38A6-4DC8-9B46-DE20E70AB815}.Debug|Any CPU.ActiveCfg = Debug|Any CPU
		{55215D85-38A6-4DC8-9B46-DE20E70AB815}.Debug|Any CPU.Build.0 = Debug|Any CPU
		{55215D85-38A6-4DC8-9B46-DE20E70AB815}.Release|Any CPU.ActiveCfg = Release|Any CPU
		{55215D85-38A6-4DC8-9B46-DE20E70AB815}.Release|Any CPU.Build.0 = Release|Any CPU
		{C6465AE2-5755-4CF6-BDB4-0E20500D45FD}.Debug|Any CPU.ActiveCfg = Debug|Any CPU
		{C6465AE2-5755-4CF6-BDB4-0E20500D45FD}.Debug|Any CPU.Build.0 = Debug|Any CPU
		{C6465AE2-5755-4CF6-BDB4-0E20500D45FD}.Release|Any CPU.ActiveCfg = Release|Any CPU
		{C6465AE2-5755-4CF6-BDB4-0E20500D45FD}.Release|Any CPU.Build.0 = Release|Any CPU
	EndGlobalSection
	GlobalSection(SolutionProperties) = preSolution
		HideSolutionNode = FALSE
	EndGlobalSection
EndGlobal
